
Microsoft Visual Studio Solution File, Format Version 12.00
# Visual Studio 15
VisualStudioVersion = 15.0.26124.0
MinimumVisualStudioVersion = 15.0.26124.0
Project("{FAE04EC0-301F-11D3-BF4B-00C04F79EFBC}") = "MyMusic.Api", "MyMusic.Api\MyMusic.Api.csproj", "{F863CB24-20AA-4C05-A785-FD63A50AD607}"
EndProject
Project("{FAE04EC0-301F-11D3-BF4B-00C04F79EFBC}") = "MyMusic.Core", "MyMusic.Core\MyMusic.Core.csproj", "{42150AED-E84E-467B-AAEB-18B36A05E75A}"
EndProject
Project("{FAE04EC0-301F-11D3-BF4B-00C04F79EFBC}") = "MyMusic.Data", "MyMusic.Data\MyMusic.Data.csproj", "{310A1984-4C72-4A2A-B43A-D5F23483D553}"
EndProject
Project("{FAE04EC0-301F-11D3-BF4B-00C04F79EFBC}") = "MyMusic.Services", "MyMusic.Services\MyMusic.Services.csproj", "{D11BB9E6-1C5F-4D38-BE31-22A27F734DBE}"
EndProject
Global
	GlobalSection(SolutionConfigurationPlatforms) = preSolution
		Debug|Any CPU = Debug|Any CPU
		Debug|x64 = Debug|x64
		Debug|x86 = Debug|x86
		Release|Any CPU = Release|Any CPU
		Release|x64 = Release|x64
		Release|x86 = Release|x86
	EndGlobalSection
	GlobalSection(SolutionProperties) = preSolution
		HideSolutionNode = FALSE
	EndGlobalSection
	GlobalSection(ProjectConfigurationPlatforms) = postSolution
		{F863CB24-20AA-4C05-A785-FD63A50AD607}.Debug|Any CPU.ActiveCfg = Debug|Any CPU
		{F863CB24-20AA-4C05-A785-FD63A50AD607}.Debug|Any CPU.Build.0 = Debug|Any CPU
		{F863CB24-20AA-4C05-A785-FD63A50AD607}.Debug|x64.ActiveCfg = Debug|Any CPU
		{F863CB24-20AA-4C05-A785-FD63A50AD607}.Debug|x64.Build.0 = Debug|Any CPU
		{F863CB24-20AA-4C05-A785-FD63A50AD607}.Debug|x86.ActiveCfg = Debug|Any CPU
		{F863CB24-20AA-4C05-A785-FD63A50AD607}.Debug|x86.Build.0 = Debug|Any CPU
		{F863CB24-20AA-4C05-A785-FD63A50AD607}.Release|Any CPU.ActiveCfg = Release|Any CPU
		{F863CB24-20AA-4C05-A785-FD63A50AD607}.Release|Any CPU.Build.0 = Release|Any CPU
		{F863CB24-20AA-4C05-A785-FD63A50AD607}.Release|x64.ActiveCfg = Release|Any CPU
		{F863CB24-20AA-4C05-A785-FD63A50AD607}.Release|x64.Build.0 = Release|Any CPU
		{F863CB24-20AA-4C05-A785-FD63A50AD607}.Release|x86.ActiveCfg = Release|Any CPU
		{F863CB24-20AA-4C05-A785-FD63A50AD607}.Release|x86.Build.0 = Release|Any CPU
		{42150AED-E84E-467B-AAEB-18B36A05E75A}.Debug|Any CPU.ActiveCfg = Debug|Any CPU
		{42150AED-E84E-467B-AAEB-18B36A05E75A}.Debug|Any CPU.Build.0 = Debug|Any CPU
		{42150AED-E84E-467B-AAEB-18B36A05E75A}.Debug|x64.ActiveCfg = Debug|Any CPU
		{42150AED-E84E-467B-AAEB-18B36A05E75A}.Debug|x64.Build.0 = Debug|Any CPU
		{42150AED-E84E-467B-AAEB-18B36A05E75A}.Debug|x86.ActiveCfg = Debug|Any CPU
		{42150AED-E84E-467B-AAEB-18B36A05E75A}.Debug|x86.Build.0 = Debug|Any CPU
		{42150AED-E84E-467B-AAEB-18B36A05E75A}.Release|Any CPU.ActiveCfg = Release|Any CPU
		{42150AED-E84E-467B-AAEB-18B36A05E75A}.Release|Any CPU.Build.0 = Release|Any CPU
		{42150AED-E84E-467B-AAEB-18B36A05E75A}.Release|x64.ActiveCfg = Release|Any CPU
		{42150AED-E84E-467B-AAEB-18B36A05E75A}.Release|x64.Build.0 = Release|Any CPU
		{42150AED-E84E-467B-AAEB-18B36A05E75A}.Release|x86.ActiveCfg = Release|Any CPU
		{42150AED-E84E-467B-AAEB-18B36A05E75A}.Release|x86.Build.0 = Release|Any CPU
		{310A1984-4C72-4A2A-B43A-D5F23483D553}.Debug|Any CPU.ActiveCfg = Debug|Any CPU
		{310A1984-4C72-4A2A-B43A-D5F23483D553}.Debug|Any CPU.Build.0 = Debug|Any CPU
		{310A1984-4C72-4A2A-B43A-D5F23483D553}.Debug|x64.ActiveCfg = Debug|Any CPU
		{310A1984-4C72-4A2A-B43A-D5F23483D553}.Debug|x64.Build.0 = Debug|Any CPU
		{310A1984-4C72-4A2A-B43A-D5F23483D553}.Debug|x86.ActiveCfg = Debug|Any CPU
		{310A1984-4C72-4A2A-B43A-D5F23483D553}.Debug|x86.Build.0 = Debug|Any CPU
		{310A1984-4C72-4A2A-B43A-D5F23483D553}.Release|Any CPU.ActiveCfg = Release|Any CPU
		{310A1984-4C72-4A2A-B43A-D5F23483D553}.Release|Any CPU.Build.0 = Release|Any CPU
		{310A1984-4C72-4A2A-B43A-D5F23483D553}.Release|x64.ActiveCfg = Release|Any CPU
		{310A1984-4C72-4A2A-B43A-D5F23483D553}.Release|x64.Build.0 = Release|Any CPU
		{310A1984-4C72-4A2A-B43A-D5F23483D553}.Release|x86.ActiveCfg = Release|Any CPU
		{310A1984-4C72-4A2A-B43A-D5F23483D553}.Release|x86.Build.0 = Release|Any CPU
		{D11BB9E6-1C5F-4D38-BE31-22A27F734DBE}.Debug|Any CPU.ActiveCfg = Debug|Any CPU
		{D11BB9E6-1C5F-4D38-BE31-22A27F734DBE}.Debug|Any CPU.Build.0 = Debug|Any CPU
		{D11BB9E6-1C5F-4D38-BE31-22A27F734DBE}.Debug|x64.ActiveCfg = Debug|Any CPU
		{D11BB9E6-1C5F-4D38-BE31-22A27F734DBE}.Debug|x64.Build.0 = Debug|Any CPU
		{D11BB9E6-1C5F-4D38-BE31-22A27F734DBE}.Debug|x86.ActiveCfg = Debug|Any CPU
		{D11BB9E6-1C5F-4D38-BE31-22A27F734DBE}.Debug|x86.Build.0 = Debug|Any CPU
		{D11BB9E6-1C5F-4D38-BE31-22A27F734DBE}.Release|Any CPU.ActiveCfg = Release|Any CPU
		{D11BB9E6-1C5F-4D38-BE31-22A27F734DBE}.Release|Any CPU.Build.0 = Release|Any CPU
		{D11BB9E6-1C5F-4D38-BE31-22A27F734DBE}.Release|x64.ActiveCfg = Release|Any CPU
		{D11BB9E6-1C5F-4D38-BE31-22A27F734DBE}.Release|x64.Build.0 = Release|Any CPU
		{D11BB9E6-1C5F-4D38-BE31-22A27F734DBE}.Release|x86.ActiveCfg = Release|Any CPU
		{D11BB9E6-1C5F-4D38-BE31-22A27F734DBE}.Release|x86.Build.0 = Release|Any CPU
	EndGlobalSection
EndGlobal
